// !$*UTF8*$!
{
	archiveVersion = 1;
	classes = {
	};
	objectVersion = 77;
	objects = {

/* Begin PBXBuildFile section */
		F60CC1BA2D344487005F6D7A /* Preview Assets.xcassets in Resources */ = {isa = PBXBuildFile; fileRef = F60CC1B42D344487005F6D7A /* Preview Assets.xcassets */; };
		F60CC1BB2D344487005F6D7A /* Assets.xcassets in Resources */ = {isa = PBXBuildFile; fileRef = F60CC1B62D344487005F6D7A /* Assets.xcassets */; };
		F60CC1BC2D344487005F6D7A /* CaptainApp.swift in Sources */ = {isa = PBXBuildFile; fileRef = F60CC1B72D344487005F6D7A /* CaptainApp.swift */; };
		F60CC1BD2D344487005F6D7A /* ContentView.swift in Sources */ = {isa = PBXBuildFile; fileRef = F60CC1B82D344487005F6D7A /* ContentView.swift */; };
		F60CC1CE2D344A3D005F6D7A /* privacy.html in Resources */ = {isa = PBXBuildFile; fileRef = F60CC1C02D344A3D005F6D7A /* privacy.html */; };
		F60CC1CF2D344A3D005F6D7A /* PrivacyViewCQR.swift in Sources */ = {isa = PBXBuildFile; fileRef = F60CC1C12D344A3D005F6D7A /* PrivacyViewCQR.swift */; };
		F60CC1D02D344A3D005F6D7A /* QuestionViewCaptain777.swift in Sources */ = {isa = PBXBuildFile; fileRef = F60CC1C52D344A3D005F6D7A /* QuestionViewCaptain777.swift */; };
		F60CC1D12D344A3D005F6D7A /* QuestionPickViewCaptain777.swift in Sources */ = {isa = PBXBuildFile; fileRef = F60CC1C62D344A3D005F6D7A /* QuestionPickViewCaptain777.swift */; };
		F60CC1D22D344A3D005F6D7A /* ImagePickerCaptain777.swift in Sources */ = {isa = PBXBuildFile; fileRef = F60CC1CB2D344A3D005F6D7A /* ImagePickerCaptain777.swift */; };
		F60CC1D32D344A3D005F6D7A /* NotificationCenterCaptain777.swift in Sources */ = {isa = PBXBuildFile; fileRef = F60CC1CA2D344A3D005F6D7A /* NotificationCenterCaptain777.swift */; };
		F60CC1D42D344A3D005F6D7A /* ExtensionsCaptain777.swift in Sources */ = {isa = PBXBuildFile; fileRef = F60CC1C82D344A3D005F6D7A /* ExtensionsCaptain777.swift */; };
		F60CC1D52D344A3D005F6D7A /* QuestionsViewCaptain777.swift in Sources */ = {isa = PBXBuildFile; fileRef = F60CC1BE2D344A3D005F6D7A /* QuestionsViewCaptain777.swift */; };
		F60CC1D62D344A3D005F6D7A /* LoadingViewCQR.swift in Sources */ = {isa = PBXBuildFile; fileRef = F60CC1BF2D344A3D005F6D7A /* LoadingViewCQR.swift */; };
		F60CC1D72D344A3D005F6D7A /* FactsViewCaptain777.swift in Sources */ = {isa = PBXBuildFile; fileRef = F60CC1C92D344A3D005F6D7A /* FactsViewCaptain777.swift */; };
		F60CC1D82D344A3D005F6D7A /* ProfileViewCaptain777.swift in Sources */ = {isa = PBXBuildFile; fileRef = F60CC1CC2D344A3D005F6D7A /* ProfileViewCaptain777.swift */; };
		F60CC1D92D344A3D005F6D7A /* WebViewCQR.swift in Sources */ = {isa = PBXBuildFile; fileRef = F60CC1C22D344A3D005F6D7A /* WebViewCQR.swift */; };
		F60CC1DA2D344A3D005F6D7A /* QuestionViewModelCaptain777.swift in Sources */ = {isa = PBXBuildFile; fileRef = F60CC1C42D344A3D005F6D7A /* QuestionViewModelCaptain777.swift */; };
/* End PBXBuildFile section */

/* Begin PBXFileReference section */
		F60CC1A32D344481005F6D7A /* Captain.app */ = {isa = PBXFileReference; explicitFileType = wrapper.application; includeInIndex = 0; path = Captain.app; sourceTree = BUILT_PRODUCTS_DIR; };
		F60CC1B42D344487005F6D7A /* Preview Assets.xcassets */ = {isa = PBXFileReference; lastKnownFileType = folder.assetcatalog; path = "Preview Assets.xcassets"; sourceTree = "<group>"; };
		F60CC1B62D344487005F6D7A /* Assets.xcassets */ = {isa = PBXFileReference; lastKnownFileType = folder.assetcatalog; path = Assets.xcassets; sourceTree = "<group>"; };
		F60CC1B72D344487005F6D7A /* CaptainApp.swift */ = {isa = PBXFileReference; lastKnownFileType = sourcecode.swift; path = CaptainApp.swift; sourceTree = "<group>"; };
		F60CC1B82D344487005F6D7A /* ContentView.swift */ = {isa = PBXFileReference; lastKnownFileType = sourcecode.swift; path = ContentView.swift; sourceTree = "<group>"; };
		F60CC1BE2D344A3D005F6D7A /* QuestionsViewCaptain777.swift */ = {isa = PBXFileReference; lastKnownFileType = sourcecode.swift; path = QuestionsViewCaptain777.swift; sourceTree = "<group>"; };
		F60CC1BF2D344A3D005F6D7A /* LoadingViewCQR.swift */ = {isa = PBXFileReference; lastKnownFileType = sourcecode.swift; path = LoadingViewCQR.swift; sourceTree = "<group>"; };
		F60CC1C02D344A3D005F6D7A /* privacy.html */ = {isa = PBXFileReference; lastKnownFileType = text.html; path = privacy.html; sourceTree = "<group>"; };
		F60CC1C12D344A3D005F6D7A /* PrivacyViewCQR.swift */ = {isa = PBXFileReference; lastKnownFileType = sourcecode.swift; path = PrivacyViewCQR.swift; sourceTree = "<group>"; };
		F60CC1C22D344A3D005F6D7A /* WebViewCQR.swift */ = {isa = PBXFileReference; lastKnownFileType = sourcecode.swift; path = WebViewCQR.swift; sourceTree = "<group>"; };
		F60CC1C42D344A3D005F6D7A /* QuestionViewModelCaptain777.swift */ = {isa = PBXFileReference; lastKnownFileType = sourcecode.swift; path = QuestionViewModelCaptain777.swift; sourceTree = "<group>"; };
		F60CC1C52D344A3D005F6D7A /* QuestionViewCaptain777.swift */ = {isa = PBXFileReference; lastKnownFileType = sourcecode.swift; path = QuestionViewCaptain777.swift; sourceTree = "<group>"; };
		F60CC1C62D344A3D005F6D7A /* QuestionPickViewCaptain777.swift */ = {isa = PBXFileReference; lastKnownFileType = sourcecode.swift; path = QuestionPickViewCaptain777.swift; sourceTree = "<group>"; };
		F60CC1C82D344A3D005F6D7A /* ExtensionsCaptain777.swift */ = {isa = PBXFileReference; lastKnownFileType = sourcecode.swift; path = ExtensionsCaptain777.swift; sourceTree = "<group>"; };
		F60CC1C92D344A3D005F6D7A /* FactsViewCaptain777.swift */ = {isa = PBXFileReference; lastKnownFileType = sourcecode.swift; path = FactsViewCaptain777.swift; sourceTree = "<group>"; };
		F60CC1CA2D344A3D005F6D7A /* NotificationCenterCaptain777.swift */ = {isa = PBXFileReference; lastKnownFileType = sourcecode.swift; path = NotificationCenterCaptain777.swift; sourceTree = "<group>"; };
		F60CC1CB2D344A3D005F6D7A /* ImagePickerCaptain777.swift */ = {isa = PBXFileReference; lastKnownFileType = sourcecode.swift; path = ImagePickerCaptain777.swift; sourceTree = "<group>"; };
		F60CC1CC2D344A3D005F6D7A /* ProfileViewCaptain777.swift */ = {isa = PBXFileReference; lastKnownFileType = sourcecode.swift; path = ProfileViewCaptain777.swift; sourceTree = "<group>"; };
		F60CC1DB2D344A66005F6D7A /* Info.plist */ = {isa = PBXFileReference; lastKnownFileType = text.plist; path = Info.plist; sourceTree = "<group>"; };
/* End PBXFileReference section */

/* Begin PBXFrameworksBuildPhase section */
		F60CC1A02D344481005F6D7A /* Frameworks */ = {
			isa = PBXFrameworksBuildPhase;
			buildActionMask = 2147483647;
			files = (
			);
			runOnlyForDeploymentPostprocessing = 0;
		};
/* End PBXFrameworksBuildPhase section */

/* Begin PBXGroup section */
		F60CC19A2D344481005F6D7A = {
			isa = PBXGroup;
			children = (
				F60CC1B92D344487005F6D7A /* Captain */,
				F60CC1A42D344481005F6D7A /* Products */,
			);
			sourceTree = "<group>";
		};
		F60CC1A42D344481005F6D7A /* Products */ = {
			isa = PBXGroup;
			children = (
				F60CC1A32D344481005F6D7A /* Captain.app */,
			);
			name = Products;
			sourceTree = "<group>";
		};
		F60CC1B52D344487005F6D7A /* Preview Content */ = {
			isa = PBXGroup;
			children = (
				F60CC1B42D344487005F6D7A /* Preview Assets.xcassets */,
			);
			path = "Preview Content";
			sourceTree = "<group>";
		};
		F60CC1B92D344487005F6D7A /* Captain */ = {
			isa = PBXGroup;
			children = (
				F60CC1DB2D344A66005F6D7A /* Info.plist */,
				F60CC1B72D344487005F6D7A /* CaptainApp.swift */,
				F60CC1B82D344487005F6D7A /* ContentView.swift */,
				F60CC1BE2D344A3D005F6D7A /* QuestionsViewCaptain777.swift */,
				F60CC1C32D344A3D005F6D7A /* LoadingCaptain777 */,
				F60CC1C72D344A3D005F6D7A /* QuestionsCaptain777 */,
				F60CC1C82D344A3D005F6D7A /* ExtensionsCaptain777.swift */,
				F60CC1C92D344A3D005F6D7A /* FactsViewCaptain777.swift */,
				F60CC1CA2D344A3D005F6D7A /* NotificationCenterCaptain777.swift */,
				F60CC1CD2D344A3D005F6D7A /* ProfileCaptain777 */,
				F60CC1B62D344487005F6D7A /* Assets.xcassets */,
				F60CC1B52D344487005F6D7A /* Preview Content */,
			);
			path = Captain;
			sourceTree = "<group>";
		};
		F60CC1C32D344A3D005F6D7A /* LoadingCaptain777 */ = {
			isa = PBXGroup;
			children = (
				F60CC1BF2D344A3D005F6D7A /* LoadingViewCQR.swift */,
				F60CC1C02D344A3D005F6D7A /* privacy.html */,
				F60CC1C12D344A3D005F6D7A /* PrivacyViewCQR.swift */,
				F60CC1C22D344A3D005F6D7A /* WebViewCQR.swift */,
			);
			path = LoadingCaptain777;
			sourceTree = "<group>";
		};
		F60CC1C72D344A3D005F6D7A /* QuestionsCaptain777 */ = {
			isa = PBXGroup;
			children = (
				F60CC1C42D344A3D005F6D7A /* QuestionViewModelCaptain777.swift */,
				F60CC1C52D344A3D005F6D7A /* QuestionViewCaptain777.swift */,
				F60CC1C62D344A3D005F6D7A /* QuestionPickViewCaptain777.swift */,
			);
			path = QuestionsCaptain777;
			sourceTree = "<group>";
		};
		F60CC1CD2D344A3D005F6D7A /* ProfileCaptain777 */ = {
			isa = PBXGroup;
			children = (
				F60CC1CB2D344A3D005F6D7A /* ImagePickerCaptain777.swift */,
				F60CC1CC2D344A3D005F6D7A /* ProfileViewCaptain777.swift */,
			);
			path = ProfileCaptain777;
			sourceTree = "<group>";
		};
/* End PBXGroup section */

/* Begin PBXNativeTarget section */
		F60CC1A22D344481005F6D7A /* Captain */ = {
			isa = PBXNativeTarget;
			buildConfigurationList = F60CC1B12D344482005F6D7A /* Build configuration list for PBXNativeTarget "Captain" */;
			buildPhases = (
				F60CC19F2D344481005F6D7A /* Sources */,
				F60CC1A02D344481005F6D7A /* Frameworks */,
				F60CC1A12D344481005F6D7A /* Resources */,
			);
			buildRules = (
			);
			dependencies = (
			);
			name = Captain;
			packageProductDependencies = (
			);
			productName = Captain;
			productReference = F60CC1A32D344481005F6D7A /* Captain.app */;
			productType = "com.apple.product-type.application";
		};
/* End PBXNativeTarget section */

/* Begin PBXProject section */
		F60CC19B2D344481005F6D7A /* Project object */ = {
			isa = PBXProject;
			attributes = {
				BuildIndependentTargetsInParallel = 1;
				LastSwiftUpdateCheck = 1600;
				LastUpgradeCheck = 1600;
				TargetAttributes = {
					F60CC1A22D344481005F6D7A = {
						CreatedOnToolsVersion = 16.0;
					};
				};
			};
			buildConfigurationList = F60CC19E2D344481005F6D7A /* Build configuration list for PBXProject "Captain" */;
			developmentRegion = en;
			hasScannedForEncodings = 0;
			knownRegions = (
				en,
				Base,
			);
			mainGroup = F60CC19A2D344481005F6D7A;
			minimizedProjectReferenceProxies = 1;
			preferredProjectObjectVersion = 77;
			productRefGroup = F60CC1A42D344481005F6D7A /* Products */;
			projectDirPath = "";
			projectRoot = "";
			targets = (
				F60CC1A22D344481005F6D7A /* Captain */,
			);
		};
/* End PBXProject section */

/* Begin PBXResourcesBuildPhase section */
		F60CC1A12D344481005F6D7A /* Resources */ = {
			isa = PBXResourcesBuildPhase;
			buildActionMask = 2147483647;
			files = (
				F60CC1BA2D344487005F6D7A /* Preview Assets.xcassets in Resources */,
				F60CC1CE2D344A3D005F6D7A /* privacy.html in Resources */,
				F60CC1BB2D344487005F6D7A /* Assets.xcassets in Resources */,
			);
			runOnlyForDeploymentPostprocessing = 0;
		};
/* End PBXResourcesBuildPhase section */

/* Begin PBXSourcesBuildPhase section */
		F60CC19F2D344481005F6D7A /* Sources */ = {
			isa = PBXSourcesBuildPhase;
			buildActionMask = 2147483647;
			files = (
				F60CC1BC2D344487005F6D7A /* CaptainApp.swift in Sources */,
				F60CC1CF2D344A3D005F6D7A /* PrivacyViewCQR.swift in Sources */,
				F60CC1D02D344A3D005F6D7A /* QuestionViewCaptain777.swift in Sources */,
				F60CC1D12D344A3D005F6D7A /* QuestionPickViewCaptain777.swift in Sources */,
				F60CC1D22D344A3D005F6D7A /* ImagePickerCaptain777.swift in Sources */,
				F60CC1D32D344A3D005F6D7A /* NotificationCenterCaptain777.swift in Sources */,
				F60CC1D42D344A3D005F6D7A /* ExtensionsCaptain777.swift in Sources */,
				F60CC1D52D344A3D005F6D7A /* QuestionsViewCaptain777.swift in Sources */,
				F60CC1D62D344A3D005F6D7A /* LoadingViewCQR.swift in Sources */,
				F60CC1D72D344A3D005F6D7A /* FactsViewCaptain777.swift in Sources */,
				F60CC1D82D344A3D005F6D7A /* ProfileViewCaptain777.swift in Sources */,
				F60CC1D92D344A3D005F6D7A /* WebViewCQR.swift in Sources */,
				F60CC1DA2D344A3D005F6D7A /* QuestionViewModelCaptain777.swift in Sources */,
				F60CC1BD2D344487005F6D7A /* ContentView.swift in Sources */,
			);
			runOnlyForDeploymentPostprocessing = 0;
		};
/* End PBXSourcesBuildPhase section */

/* Begin XCBuildConfiguration section */
		F60CC1AF2D344482005F6D7A /* Debug */ = {
			isa = XCBuildConfiguration;
			buildSettings = {
				ALWAYS_SEARCH_USER_PATHS = NO;
				ASSETCATALOG_COMPILER_GENERATE_SWIFT_ASSET_SYMBOL_EXTENSIONS = YES;
				CLANG_ANALYZER_NONNULL = YES;
				CLANG_ANALYZER_NUMBER_OBJECT_CONVERSION = YES_AGGRESSIVE;
				CLANG_CXX_LANGUAGE_STANDARD = "gnu++20";
				CLANG_ENABLE_MODULES = YES;
				CLANG_ENABLE_OBJC_ARC = YES;
				CLANG_ENABLE_OBJC_WEAK = YES;
				CLANG_WARN_BLOCK_CAPTURE_AUTORELEASING = YES;
				CLANG_WARN_BOOL_CONVERSION = YES;
				CLANG_WARN_COMMA = YES;
				CLANG_WARN_CONSTANT_CONVERSION = YES;
				CLANG_WARN_DEPRECATED_OBJC_IMPLEMENTATIONS = YES;
				CLANG_WARN_DIRECT_OBJC_ISA_USAGE = YES_ERROR;
				CLANG_WARN_DOCUMENTATION_COMMENTS = YES;
				CLANG_WARN_EMPTY_BODY = YES;
				CLANG_WARN_ENUM_CONVERSION = YES;
				CLANG_WARN_INFINITE_RECURSION = YES;
				CLANG_WARN_INT_CONVERSION = YES;
				CLANG_WARN_NON_LITERAL_NULL_CONVERSION = YES;
				CLANG_WARN_OBJC_IMPLICIT_RETAIN_SELF = YES;
				CLANG_WARN_OBJC_LITERAL_CONVERSION = YES;
				CLANG_WARN_OBJC_ROOT_CLASS = YES_ERROR;
				CLANG_WARN_QUOTED_INCLUDE_IN_FRAMEWORK_HEADER = YES;
				CLANG_WARN_RANGE_LOOP_ANALYSIS = YES;
				CLANG_WARN_STRICT_PROTOTYPES = YES;
				CLANG_WARN_SUSPICIOUS_MOVE = YES;
				CLANG_WARN_UNGUARDED_AVAILABILITY = YES_AGGRESSIVE;
				CLANG_WARN_UNREACHABLE_CODE = YES;
				CLANG_WARN__DUPLICATE_METHOD_MATCH = YES;
				COPY_PHASE_STRIP = NO;
				DEBUG_INFORMATION_FORMAT = dwarf;
				ENABLE_STRICT_OBJC_MSGSEND = YES;
				ENABLE_TESTABILITY = YES;
				ENABLE_USER_SCRIPT_SANDBOXING = YES;
				GCC_C_LANGUAGE_STANDARD = gnu17;
				GCC_DYNAMIC_NO_PIC = NO;
				GCC_NO_COMMON_BLOCKS = YES;
				GCC_OPTIMIZATION_LEVEL = 0;
				GCC_PREPROCESSOR_DEFINITIONS = (
					"DEBUG=1",
					"$(inherited)",
				);
				GCC_WARN_64_TO_32_BIT_CONVERSION = YES;
				GCC_WARN_ABOUT_RETURN_TYPE = YES_ERROR;
				GCC_WARN_UNDECLARED_SELECTOR = YES;
				GCC_WARN_UNINITIALIZED_AUTOS = YES_AGGRESSIVE;
				GCC_WARN_UNUSED_FUNCTION = YES;
				GCC_WARN_UNUSED_VARIABLE = YES;
				IPHONEOS_DEPLOYMENT_TARGET = 18.0;
				LOCALIZATION_PREFERS_STRING_CATALOGS = YES;
				MTL_ENABLE_DEBUG_INFO = INCLUDE_SOURCE;
				MTL_FAST_MATH = YES;
				ONLY_ACTIVE_ARCH = YES;
				SDKROOT = iphoneos;
				SWIFT_ACTIVE_COMPILATION_CONDITIONS = "DEBUG $(inherited)";
				SWIFT_OPTIMIZATION_LEVEL = "-Onone";
			};
			name = Debug;
		};
		F60CC1B02D344482005F6D7A /* Release */ = {
			isa = XCBuildConfiguration;
			buildSettings = {
				ALWAYS_SEARCH_USER_PATHS = NO;
				ASSETCATALOG_COMPILER_GENERATE_SWIFT_ASSET_SYMBOL_EXTENSIONS = YES;
				CLANG_ANALYZER_NONNULL = YES;
				CLANG_ANALYZER_NUMBER_OBJECT_CONVERSION = YES_AGGRESSIVE;
				CLANG_CXX_LANGUAGE_STANDARD = "gnu++20";
				CLANG_ENABLE_MODULES = YES;
				CLANG_ENABLE_OBJC_ARC = YES;
				CLANG_ENABLE_OBJC_WEAK = YES;
				CLANG_WARN_BLOCK_CAPTURE_AUTORELEASING = YES;
				CLANG_WARN_BOOL_CONVERSION = YES;
				CLANG_WARN_COMMA = YES;
				CLANG_WARN_CONSTANT_CONVERSION = YES;
				CLANG_WARN_DEPRECATED_OBJC_IMPLEMENTATIONS = YES;
				CLANG_WARN_DIRECT_OBJC_ISA_USAGE = YES_ERROR;
				CLANG_WARN_DOCUMENTATION_COMMENTS = YES;
				CLANG_WARN_EMPTY_BODY = YES;
				CLANG_WARN_ENUM_CONVERSION = YES;
				CLANG_WARN_INFINITE_RECURSION = YES;
				CLANG_WARN_INT_CONVERSION = YES;
				CLANG_WARN_NON_LITERAL_NULL_CONVERSION = YES;
				CLANG_WARN_OBJC_IMPLICIT_RETAIN_SELF = YES;
				CLANG_WARN_OBJC_LITERAL_CONVERSION = YES;
				CLANG_WARN_OBJC_ROOT_CLASS = YES_ERROR;
				CLANG_WARN_QUOTED_INCLUDE_IN_FRAMEWORK_HEADER = YES;
				CLANG_WARN_RANGE_LOOP_ANALYSIS = YES;
				CLANG_WARN_STRICT_PROTOTYPES = YES;
				CLANG_WARN_SUSPICIOUS_MOVE = YES;
				CLANG_WARN_UNGUARDED_AVAILABILITY = YES_AGGRESSIVE;
				CLANG_WARN_UNREACHABLE_CODE = YES;
				CLANG_WARN__DUPLICATE_METHOD_MATCH = YES;
				COPY_PHASE_STRIP = NO;
				DEBUG_INFORMATION_FORMAT = "dwarf-with-dsym";
				ENABLE_NS_ASSERTIONS = NO;
				ENABLE_STRICT_OBJC_MSGSEND = YES;
				ENABLE_USER_SCRIPT_SANDBOXING = YES;
				GCC_C_LANGUAGE_STANDARD = gnu17;
				GCC_NO_COMMON_BLOCKS = YES;
				GCC_WARN_64_TO_32_BIT_CONVERSION = YES;
				GCC_WARN_ABOUT_RETURN_TYPE = YES_ERROR;
				GCC_WARN_UNDECLARED_SELECTOR = YES;
				GCC_WARN_UNINITIALIZED_AUTOS = YES_AGGRESSIVE;
				GCC_WARN_UNUSED_FUNCTION = YES;
				GCC_WARN_UNUSED_VARIABLE = YES;
				IPHONEOS_DEPLOYMENT_TARGET = 18.0;
				LOCALIZATION_PREFERS_STRING_CATALOGS = YES;
				MTL_ENABLE_DEBUG_INFO = NO;
				MTL_FAST_MATH = YES;
				SDKROOT = iphoneos;
				SWIFT_COMPILATION_MODE = wholemodule;
				VALIDATE_PRODUCT = YES;
			};
			name = Release;
		};
		F60CC1B22D344482005F6D7A /* Debug */ = {
			isa = XCBuildConfiguration;
			buildSettings = {
				ASSETCATALOG_COMPILER_APPICON_NAME = AppIcon;
				ASSETCATALOG_COMPILER_GLOBAL_ACCENT_COLOR_NAME = AccentColor;
				CODE_SIGN_STYLE = Automatic;
				CURRENT_PROJECT_VERSION = 1;
				DEVELOPMENT_ASSET_PATHS = "\"Captain/Preview Content\"";
				DEVELOPMENT_TEAM = FWVBV65566;
				ENABLE_PREVIEWS = YES;
				GENERATE_INFOPLIST_FILE = YES;
				INFOPLIST_FILE = Captain/Info.plist;
				INFOPLIST_KEY_CFBundleDisplayName = "Captain Quiz";
				INFOPLIST_KEY_NSCameraUsageDescription = "We need access to the camera to set a photo for your profile.";
				INFOPLIST_KEY_UIApplicationSceneManifest_Generation = YES;
				INFOPLIST_KEY_UIApplicationSupportsIndirectInputEvents = YES;
				INFOPLIST_KEY_UILaunchScreen_Generation = YES;
				INFOPLIST_KEY_UISupportedInterfaceOrientations_iPad = "UIInterfaceOrientationPortrait UIInterfaceOrientationPortraitUpsideDown UIInterfaceOrientationLandscapeLeft UIInterfaceOrientationLandscapeRight";
				INFOPLIST_KEY_UISupportedInterfaceOrientations_iPhone = "UIInterfaceOrientationPortrait UIInterfaceOrientationLandscapeLeft UIInterfaceOrientationLandscapeRight";
				IPHONEOS_DEPLOYMENT_TARGET = 16.0;
				LD_RUNPATH_SEARCH_PATHS = (
					"$(inherited)",
					"@executable_path/Frameworks",
				);
				MARKETING_VERSION = 1.0;
				PRODUCT_BUNDLE_IDENTIFIER = testleschenko;
				PRODUCT_NAME = "$(TARGET_NAME)";
				SUPPORTED_PLATFORMS = "iphoneos iphonesimulator";
				SUPPORTS_MACCATALYST = NO;
				SUPPORTS_MAC_DESIGNED_FOR_IPHONE_IPAD = NO;
				SUPPORTS_XR_DESIGNED_FOR_IPHONE_IPAD = NO;
				SWIFT_EMIT_LOC_STRINGS = YES;
				SWIFT_VERSION = 5.0;
				TARGETED_DEVICE_FAMILY = 1;
			};
			name = Debug;
		};
		F60CC1B32D344482005F6D7A /* Release */ = {
			isa = XCBuildConfiguration;
			buildSettings = {
				ASSETCATALOG_COMPILER_APPICON_NAME = AppIcon;
				ASSETCATALOG_COMPILER_GLOBAL_ACCENT_COLOR_NAME = AccentColor;
				CODE_SIGN_STYLE = Automatic;
				CURRENT_PROJECT_VERSION = 1;
				DEVELOPMENT_ASSET_PATHS = "\"Captain/Preview Content\"";
				DEVELOPMENT_TEAM = FWVBV65566;
				ENABLE_PREVIEWS = YES;
				GENERATE_INFOPLIST_FILE = YES;
				INFOPLIST_FILE = Captain/Info.plist;
				INFOPLIST_KEY_CFBundleDisplayName = "Captain Quiz";
				INFOPLIST_KEY_NSCameraUsageDescription = "We need access to the camera to set a photo for your profile.";
				INFOPLIST_KEY_UIApplicationSceneManifest_Generation = YES;
				INFOPLIST_KEY_UIApplicationSupportsIndirectInputEvents = YES;
				INFOPLIST_KEY_UILaunchScreen_Generation = YES;
				INFOPLIST_KEY_UISupportedInterfaceOrientations_iPad = "UIInterfaceOrientationPortrait UIInterfaceOrientationPortraitUpsideDown UIInterfaceOrientationLandscapeLeft UIInterfaceOrientationLandscapeRight";
				INFOPLIST_KEY_UISupportedInterfaceOrientations_iPhone = "UIInterfaceOrientationPortrait UIInterfaceOrientationLandscapeLeft UIInterfaceOrientationLandscapeRight";
				IPHONEOS_DEPLOYMENT_TARGET = 16.0;
				LD_RUNPATH_SEARCH_PATHS = (
					"$(inherited)",
					"@executable_path/Frameworks",
				);
				MARKETING_VERSION = 1.0;
				PRODUCT_BUNDLE_IDENTIFIER = testleschenko;
				PRODUCT_NAME = "$(TARGET_NAME)";
				SUPPORTED_PLATFORMS = "iphoneos iphonesimulator";
				SUPPORTS_MACCATALYST = NO;
				SUPPORTS_MAC_DESIGNED_FOR_IPHONE_IPAD = NO;
				SUPPORTS_XR_DESIGNED_FOR_IPHONE_IPAD = NO;
				SWIFT_EMIT_LOC_STRINGS = YES;
				SWIFT_VERSION = 5.0;
				TARGETED_DEVICE_FAMILY = 1;
			};
			name = Release;
		};
/* End XCBuildConfiguration section */

/* Begin XCConfigurationList section */
		F60CC19E2D344481005F6D7A /* Build configuration list for PBXProject "Captain" */ = {
			isa = XCConfigurationList;
			buildConfigurations = (
				F60CC1AF2D344482005F6D7A /* Debug */,
				F60CC1B02D344482005F6D7A /* Release */,
			);
			defaultConfigurationIsVisible = 0;
			defaultConfigurationName = Release;
		};
		F60CC1B12D344482005F6D7A /* Build configuration list for PBXNativeTarget "Captain" */ = {
			isa = XCConfigurationList;
			buildConfigurations = (
				F60CC1B22D344482005F6D7A /* Debug */,
				F60CC1B32D344482005F6D7A /* Release */,
			);
			defaultConfigurationIsVisible = 0;
			defaultConfigurationName = Release;
		};
/* End XCConfigurationList section */
	};
	rootObject = F60CC19B2D344481005F6D7A /* Project object */;
}
